{
    "_readme": [
        "This file locks the dependencies of your project to a known state",
        "Read more about it at https://getcomposer.org/doc/01-basic-usage.md#installing-dependencies",
        "This file is @generated automatically"
    ],
    "content-hash": "df743599f249c02a4899a1c0c67528f9",
    "packages": [
        {
            "name": "telegram-bot/api",
            "version": "v2.3.0",
            "source": {
                "type": "git",
                "url": "https://github.com/TelegramBot/Api.git",
                "reference": "d48abf7f31c01c56393b74572b9f7127d3a96c44"
            },
            "dist": {
                "type": "zip",
                "url": "https://api.github.com/repos/TelegramBot/Api/zipball/d48abf7f31c01c56393b74572b9f7127d3a96c44",
                "reference": "d48abf7f31c01c56393b74572b9f7127d3a96c44",
                "shasum": ""
            },
            "require": {
                "php": ">=5.5.0"
            },
            "require-dev": {
                "codeception/codeception": "*",
                "phpunit/phpunit": "4.*",
                "squizlabs/php_codesniffer": "2.*"
            },
            "type": "library",
            "extra": {
                "branch-alias": {
                    "dev-master": "1.0-dev"
                }
            },
            "autoload": {
                "psr-4": {
                    "TelegramBot\\Api\\": "src"
                }
            },
            "notification-url": "https://packagist.org/downloads/",
            "license": [
                "MIT"
            ],
            "authors": [
                {
                    "name": "Ilya Gusev",
                    "email": "mail@igusev.ru",
                    "homepage": "https://php-cat.com",
                    "role": "Developer"
                }
            ],
            "description": "PHP Wrapper for Telegram Bot API",
            "homepage": "https://github.com/TelegramBot/Api",
            "keywords": [
                "bot",
                "bot api",
                "php",
                "telegram"
            ],
            "time": "2017-06-21T06:41:55+00:00"
        }
    ],
    "packages-dev": [],
    "aliases": [],
    "minimum-stability": "stable",
    "stability-flags": [],
    "prefer-stable": false,
    "prefer-lowest": false,
    "platform": [],
    "platform-dev": []
}
